// !$*UTF8*$!
{
	archiveVersion = 1;
	classes = {
	};
	objectVersion = 56;
	objects = {

/* Begin PBXBuildFile section */
		74C720205C3741979F32F143 /* AppDelegate.swift in Sources */ = {isa = PBXBuildFile; fileRef = 25DB83788C9941B0A7B3CF3F /* AppDelegate.swift */; };
		5B7953D896F94FE5B0E1C6C2 /* ViewController.swift in Sources */ = {isa = PBXBuildFile; fileRef = 7357F107A8764CF6921CDF4A /* ViewController.swift */; };
		5F6DEFDDBFB0432C962799C9 /* www in Resources */ = {isa = PBXBuildFile; fileRef = 464E8DE60CB64EE09F777131 /* www */; };
/* End PBXBuildFile section */

/* Begin PBXFileReference section */
		7314D6C5903C4202BEE8C0F3 /* LimbusBeep.app */ = {isa = PBXFileReference; explicitFileType = wrapper.application; includeInIndex = 0; path = LimbusBeep.app; sourceTree = BUILT_PRODUCTS_DIR; };
		25DB83788C9941B0A7B3CF3F /* AppDelegate.swift */ = {isa = PBXFileReference; lastKnownFileType = sourcecode.swift; path = AppDelegate.swift; sourceTree = "<group>"; };
		7357F107A8764CF6921CDF4A /* ViewController.swift */ = {isa = PBXFileReference; lastKnownFileType = sourcecode.swift; path = ViewController.swift; sourceTree = "<group>"; };
		12192B6B217440D6B9BF767E /* Info.plist */ = {isa = PBXFileReference; lastKnownFileType = text.plist.xml; path = Info.plist; sourceTree = "<group>"; };
		464E8DE60CB64EE09F777131 /* www */ = {isa = PBXFileReference; lastKnownFileType = folder; path = www; sourceTree = "<group>"; };
/* End PBXFileReference section */

/* Begin PBXFrameworksBuildPhase section */
		5196AA6BF6794DCAA5252837 /* Frameworks */ = {
			isa = PBXFrameworksBuildPhase;
			buildActionMask = 2147483647;
			files = (
			);
			runOnlyForDeploymentPostprocessing = 0;
		};
/* End PBXFrameworksBuildPhase section */

/* Begin PBXGroup section */
		DC5306EF6E30406AA437DBB9 = {
			isa = PBXGroup;
			children = (
				43AB466B760342B69F69F64D /* LimbusBeep */,
				B0A3ABB697EE495088873608 /* Products */,
			);
			sourceTree = "<group>";
		};
		43AB466B760342B69F69F64D /* LimbusBeep */ = {
			isa = PBXGroup;
			children = (
				25DB83788C9941B0A7B3CF3F /* AppDelegate.swift */,
				7357F107A8764CF6921CDF4A /* ViewController.swift */,
				12192B6B217440D6B9BF767E /* Info.plist */,
				464E8DE60CB64EE09F777131 /* www */,
			);
			path = LimbusBeep;
			sourceTree = "<group>";
		};
		B0A3ABB697EE495088873608 /* Products */ = {
			isa = PBXGroup;
			children = (
				7314D6C5903C4202BEE8C0F3 /* LimbusBeep.app */,
			);
			name = Products;
			sourceTree = "<group>";
		};
/* End PBXGroup section */

/* Begin PBXNativeTarget section */
		7BD183BC31554B93B8EBF66B /* LimbusBeep */ = {
			isa = PBXNativeTarget;
			buildConfigurationList = 14582121510D4B5490016658 /* Build configuration list for PBXNativeTarget "LimbusBeep" */;
			buildPhases = (
				A5087CD423C24CB08DA8CAD8 /* Sources */,
				5196AA6BF6794DCAA5252837 /* Frameworks */,
				6552543B4C5C4357946F5E74 /* Resources */,
			);
			buildRules = (
			);
			dependencies = (
			);
			name = LimbusBeep;
			productName = LimbusBeep;
			productReference = 7314D6C5903C4202BEE8C0F3 /* LimbusBeep.app */;
			productType = "com.apple.product-type.application";
		};
/* End PBXNativeTarget section */

/* Begin PBXProject section */
		18803E1E21114FEE8D91230B /* Project object */ = {
			isa = PBXProject;
			attributes = {
				BuildIndependentTargetsInParallel = 1;
				LastSwiftUpdateCheck = 1600;
				LastUpgradeCheck = 1600;
				TargetAttributes = {
					7BD183BC31554B93B8EBF66B = {
						CreatedOnToolsVersion = 16.0;
					};
				};
			};
			buildConfigurationList = 7871306A857D4168BA35989C /* Build configuration list for PBXProject "LimbusBeep" */;
			compatibilityVersion = "Xcode 14.0";
			developmentRegion = ko;
			hasScannedForEncodings = 0;
			knownRegions = (
				ko,
				Base,
			);
			mainGroup = DC5306EF6E30406AA437DBB9;
			productRefGroup = B0A3ABB697EE495088873608 /* Products */;
			projectDirPath = "";
			projectRoot = "";
			targets = (
				7BD183BC31554B93B8EBF66B /* LimbusBeep */,
			);
		};
/* End PBXProject section */

/* Begin PBXResourcesBuildPhase section */
		6552543B4C5C4357946F5E74 /* Resources */ = {
			isa = PBXResourcesBuildPhase;
			buildActionMask = 2147483647;
			files = (
				5F6DEFDDBFB0432C962799C9 /* www in Resources */,
			);
			runOnlyForDeploymentPostprocessing = 0;
		};
/* End PBXResourcesBuildPhase section */

/* Begin PBXSourcesBuildPhase section */
		A5087CD423C24CB08DA8CAD8 /* Sources */ = {
			isa = PBXSourcesBuildPhase;
			buildActionMask = 2147483647;
			files = (
				74C720205C3741979F32F143 /* AppDelegate.swift in Sources */,
				5B7953D896F94FE5B0E1C6C2 /* ViewController.swift in Sources */,
			);
			runOnlyForDeploymentPostprocessing = 0;
		};
/* End PBXSourcesBuildPhase section */

/* Begin XCBuildConfiguration section */
		E163C41933444150AA466FA6 /* Debug */ = {
			isa = XCBuildConfiguration;
			buildSettings = {
				ALWAYS_SEARCH_USER_PATHS = NO;
				CLANG_ANALYZER_NONNULL = YES;
				CLANG_CXX_LANGUAGE_STANDARD = "gnu++20";
				CLANG_ENABLE_MODULES = YES;
				CLANG_ENABLE_OBJC_ARC = YES;
				COPY_PHASE_STRIP = NO;
				DEBUG_INFORMATION_FORMAT = dwarf;
				ENABLE_STRICT_OBJC_MSGSEND = YES;
				ENABLE_TESTABILITY = YES;
				GCC_DYNAMIC_NO_PIC = NO;
				GCC_OPTIMIZATION_LEVEL = 0;
				GCC_PREPROCESSOR_DEFINITIONS = (
					"DEBUG=1",
					"$(inherited)",
				);
				GCC_WARN_64_TO_32_BIT_CONVERSION = YES;
				GCC_WARN_ABOUT_RETURN_TYPE = YES_ERROR;
				GCC_WARN_UNINITIALIZED_AUTOS = YES_AGGRESSIVE;
				IPHONEOS_DEPLOYMENT_TARGET = 15.0;
				MTL_ENABLE_DEBUG_INFO = INCLUDE_SOURCE;
				ONLY_ACTIVE_ARCH = YES;
				SDKROOT = iphoneos;
				SWIFT_ACTIVE_COMPILATION_CONDITIONS = DEBUG;
				SWIFT_OPTIMIZATION_LEVEL = "-Onone";
			};
			name = Debug;
		};
		130ECD34B87D4BD2BB913C16 /* Release */ = {
			isa = XCBuildConfiguration;
			buildSettings = {
				ALWAYS_SEARCH_USER_PATHS = NO;
				CLANG_ANALYZER_NONNULL = YES;
				CLANG_CXX_LANGUAGE_STANDARD = "gnu++20";
				CLANG_ENABLE_MODULES = YES;
				CLANG_ENABLE_OBJC_ARC = YES;
				COPY_PHASE_STRIP = NO;
				DEBUG_INFORMATION_FORMAT = "dwarf-with-dsym";
				ENABLE_NS_ASSERTIONS = NO;
				ENABLE_STRICT_OBJC_MSGSEND = YES;
				GCC_WARN_64_TO_32_BIT_CONVERSION = YES;
				GCC_WARN_ABOUT_RETURN_TYPE = YES_ERROR;
				GCC_WARN_UNINITIALIZED_AUTOS = YES_AGGRESSIVE;
				IPHONEOS_DEPLOYMENT_TARGET = 15.0;
				MTL_ENABLE_DEBUG_INFO = NO;
				SDKROOT = iphoneos;
				SWIFT_COMPILATION_MODE = wholemodule;
				SWIFT_OPTIMIZATION_LEVEL = "-O";
				VALIDATE_PRODUCT = YES;
			};
			name = Release;
		};
		54F23579245F4E79BAA8FBCC /* Debug */ = {
			isa = XCBuildConfiguration;
			buildSettings = {
				ASSETCATALOG_COMPILER_APPICON_NAME = AppIcon;
				CODE_SIGN_STYLE = Automatic;
				CODE_SIGNING_ALLOWED = NO;
				CURRENT_PROJECT_VERSION = 1;
				GENERATE_INFOPLIST_FILE = NO;
				INFOPLIST_FILE = LimbusBeep/Info.plist;
				LD_RUNPATH_SEARCH_PATHS = (
					"$(inherited)",
					"@executable_path/Frameworks",
				);
				MARKETING_VERSION = 2.0.0;
				PRODUCT_BUNDLE_IDENTIFIER = com.icemoca.limbusbeep;
				PRODUCT_NAME = "$(TARGET_NAME)";
				SWIFT_VERSION = 5.0;
				TARGETED_DEVICE_FAMILY = "1,2";
			};
			name = Debug;
		};
		5EB51E5458CF46348BA8CB41 /* Release */ = {
			isa = XCBuildConfiguration;
			buildSettings = {
				ASSETCATALOG_COMPILER_APPICON_NAME = AppIcon;
				CODE_SIGN_STYLE = Automatic;
				CODE_SIGNING_ALLOWED = NO;
				CURRENT_PROJECT_VERSION = 1;
				GENERATE_INFOPLIST_FILE = NO;
				INFOPLIST_FILE = LimbusBeep/Info.plist;
				LD_RUNPATH_SEARCH_PATHS = (
					"$(inherited)",
					"@executable_path/Frameworks",
				);
				MARKETING_VERSION = 2.0.0;
				PRODUCT_BUNDLE_IDENTIFIER = com.icemoca.limbusbeep;
				PRODUCT_NAME = "$(TARGET_NAME)";
				SWIFT_VERSION = 5.0;
				TARGETED_DEVICE_FAMILY = "1,2";
			};
			name = Release;
		};
/* End XCBuildConfiguration section */

/* Begin XCConfigurationList section */
		7871306A857D4168BA35989C /* Build configuration list for PBXProject "LimbusBeep" */ = {
			isa = XCConfigurationList;
			buildConfigurations = (
				E163C41933444150AA466FA6 /* Debug */,
				130ECD34B87D4BD2BB913C16 /* Release */,
			);
			defaultConfigurationIsVisible = 0;
			defaultConfigurationName = Release;
		};
		14582121510D4B5490016658 /* Build configuration list for PBXNativeTarget "LimbusBeep" */ = {
			isa = XCConfigurationList;
			buildConfigurations = (
				54F23579245F4E79BAA8FBCC /* Debug */,
				5EB51E5458CF46348BA8CB41 /* Release */,
			);
			defaultConfigurationIsVisible = 0;
			defaultConfigurationName = Release;
		};
/* End XCConfigurationList section */

	};
	rootObject = 18803E1E21114FEE8D91230B /* Project object */;
}
